
Microsoft Visual Studio Solution File, Format Version 12.00
# Visual Studio Version 16
VisualStudioVersion = 16.0.31613.86
MinimumVisualStudioVersion = 10.0.40219.1
Project("{9A19103F-16F7-4668-BE54-9A1E7A4F7556}") = "PollyNotesAPI-CreateUpdate", "createUpdate-function\PollyNotesAPI-CreateUpdate.csproj", "{77F05A10-4D56-411C-B236-39C509400539}"
EndProject
Project("{9A19103F-16F7-4668-BE54-9A1E7A4F7556}") = "PollyNotesAPI-Delete", "delete-function\PollyNotesAPI-Delete.csproj", "{A846F8E6-98EC-4552-BD55-7C15AE0C9AC5}"
EndProject
Project("{9A19103F-16F7-4668-BE54-9A1E7A4F7556}") = "PollyNotesAPI-Dictate", "dictate-function\PollyNotesAPI-Dictate.csproj", "{098E3E04-46B3-46BE-9AF1-4B9B572F4E2B}"
EndProject
Project("{9A19103F-16F7-4668-BE54-9A1E7A4F7556}") = "PollyNotesAPI-List", "list-function\PollyNotesAPI-List.csproj", "{DFFBAD05-79B7-4BA6-A5B4-C39C548ECD39}"
EndProject
Project("{9A19103F-16F7-4668-BE54-9A1E7A4F7556}") = "PollyNotesAPI-Search", "search-function\PollyNotesAPI-Search.csproj", "{74157A2B-DDB6-4FB1-AADC-683FE7FA8F04}"
EndProject
Global
	GlobalSection(SolutionConfigurationPlatforms) = preSolution
		Debug|Any CPU = Debug|Any CPU
		Release|Any CPU = Release|Any CPU
	EndGlobalSection
	GlobalSection(ProjectConfigurationPlatforms) = postSolution
		{77F05A10-4D56-411C-B236-39C509400539}.Debug|Any CPU.ActiveCfg = Debug|Any CPU
		{77F05A10-4D56-411C-B236-39C509400539}.Debug|Any CPU.Build.0 = Debug|Any CPU
		{77F05A10-4D56-411C-B236-39C509400539}.Release|Any CPU.ActiveCfg = Release|Any CPU
		{77F05A10-4D56-411C-B236-39C509400539}.Release|Any CPU.Build.0 = Release|Any CPU
		{A846F8E6-98EC-4552-BD55-7C15AE0C9AC5}.Debug|Any CPU.ActiveCfg = Debug|Any CPU
		{A846F8E6-98EC-4552-BD55-7C15AE0C9AC5}.Debug|Any CPU.Build.0 = Debug|Any CPU
		{A846F8E6-98EC-4552-BD55-7C15AE0C9AC5}.Release|Any CPU.ActiveCfg = Release|Any CPU
		{A846F8E6-98EC-4552-BD55-7C15AE0C9AC5}.Release|Any CPU.Build.0 = Release|Any CPU
		{098E3E04-46B3-46BE-9AF1-4B9B572F4E2B}.Debug|Any CPU.ActiveCfg = Debug|Any CPU
		{098E3E04-46B3-46BE-9AF1-4B9B572F4E2B}.Debug|Any CPU.Build.0 = Debug|Any CPU
		{098E3E04-46B3-46BE-9AF1-4B9B572F4E2B}.Release|Any CPU.ActiveCfg = Release|Any CPU
		{098E3E04-46B3-46BE-9AF1-4B9B572F4E2B}.Release|Any CPU.Build.0 = Release|Any CPU
		{DFFBAD05-79B7-4BA6-A5B4-C39C548ECD39}.Debug|Any CPU.ActiveCfg = Debug|Any CPU
		{DFFBAD05-79B7-4BA6-A5B4-C39C548ECD39}.Debug|Any CPU.Build.0 = Debug|Any CPU
		{DFFBAD05-79B7-4BA6-A5B4-C39C548ECD39}.Release|Any CPU.ActiveCfg = Release|Any CPU
		{DFFBAD05-79B7-4BA6-A5B4-C39C548ECD39}.Release|Any CPU.Build.0 = Release|Any CPU
		{74157A2B-DDB6-4FB1-AADC-683FE7FA8F04}.Debug|Any CPU.ActiveCfg = Debug|Any CPU
		{74157A2B-DDB6-4FB1-AADC-683FE7FA8F04}.Debug|Any CPU.Build.0 = Debug|Any CPU
		{74157A2B-DDB6-4FB1-AADC-683FE7FA8F04}.Release|Any CPU.ActiveCfg = Release|Any CPU
		{74157A2B-DDB6-4FB1-AADC-683FE7FA8F04}.Release|Any CPU.Build.0 = Release|Any CPU
	EndGlobalSection
	GlobalSection(SolutionProperties) = preSolution
		HideSolutionNode = FALSE
	EndGlobalSection
	GlobalSection(ExtensibilityGlobals) = postSolution
		SolutionGuid = {F374E019-3ADB-4CE0-B4E8-AB8402E89A08}
	EndGlobalSection
EndGlobal
